
Microsoft Visual Studio Solution File, Format Version 12.00
# Visual Studio Version 16
VisualStudioVersion = 16.0.31205.134
MinimumVisualStudioVersion = 10.0.40219.1
Project("{FAE04EC0-301F-11D3-BF4B-00C04F79EFBC}") = "SimpleCollisionGame", "SimpleCollisionGame\SimpleCollisionGame.csproj", "{CCEE436A-5601-47CD-86BB-30063B367634}"
EndProject
Global
	GlobalSection(SolutionConfigurationPlatforms) = preSolution
		Debug|Any CPU = Debug|Any CPU
		Release|Any CPU = Release|Any CPU
	EndGlobalSection
	GlobalSection(ProjectConfigurationPlatforms) = postSolution
		{CCEE436A-5601-47CD-86BB-30063B367634}.Debug|Any CPU.ActiveCfg = Debug|Any CPU
		{CCEE436A-5601-47CD-86BB-30063B367634}.Debug|Any CPU.Build.0 = Debug|Any CPU
		{CCEE436A-5601-47CD-86BB-30063B367634}.Release|Any CPU.ActiveCfg = Release|Any CPU
		{CCEE436A-5601-47CD-86BB-30063B367634}.Release|Any CPU.Build.0 = Release|Any CPU
	EndGlobalSection
	GlobalSection(SolutionProperties) = preSolution
		HideSolutionNode = FALSE
	EndGlobalSection
	GlobalSection(ExtensibilityGlobals) = postSolution
		SolutionGuid = {FB75C55D-4300-4E47-B9BC-74166FBB5246}
	EndGlobalSection
EndGlobal
